
Microsoft Visual Studio Solution File, Format Version 12.00
# Visual Studio 15
VisualStudioVersion = 15.0.26730.15
MinimumVisualStudioVersion = 10.0.40219.1
Project("{FAE04EC0-301F-11D3-BF4B-00C04F79EFBC}") = "PMS.WEB.UI", "PMS.WEB.UI\PMS.WEB.UI.csproj", "{31026C63-DA72-4C8D-A126-0707330260E9}"
EndProject
Project("{2150E333-8FDC-42A3-9474-1A3956D46DE8}") = "Data", "Data", "{3FDC5966-91C1-4865-98A6-FF1BFB84D152}"
EndProject
Project("{2150E333-8FDC-42A3-9474-1A3956D46DE8}") = "DTO", "DTO", "{254D891E-31E7-48E9-B403-3EEECC2B30C9}"
EndProject
Project("{2150E333-8FDC-42A3-9474-1A3956D46DE8}") = "Service", "Service", "{B02A2693-AD1E-4F87-91EE-79D0B900DF43}"
EndProject
Project("{2150E333-8FDC-42A3-9474-1A3956D46DE8}") = "Interface", "Interface", "{AA378831-64A8-43FF-9D3D-10B35D518125}"
EndProject
Project("{2150E333-8FDC-42A3-9474-1A3956D46DE8}") = "Infrastructure", "Infrastructure", "{0B6BD7A7-643D-4A99-936D-60636A2B04CF}"
EndProject
Project("{2150E333-8FDC-42A3-9474-1A3956D46DE8}") = "Extension", "Extension", "{6C18AD18-D3E6-4484-A077-719B249893A2}"
EndProject
Project("{2150E333-8FDC-42A3-9474-1A3956D46DE8}") = "Global", "Global", "{4897DCD0-AE02-4E6F-9B2E-06E08FCCA6B6}"
EndProject
Project("{FAE04EC0-301F-11D3-BF4B-00C04F79EFBC}") = "PMS.Data", "PMS.Data\PMS.Data.csproj", "{555B7521-3341-4A7B-BF25-B2DCDE38ABAB}"
EndProject
Project("{FAE04EC0-301F-11D3-BF4B-00C04F79EFBC}") = "PMS.DTO", "PMS.DTO\PMS.DTO.csproj", "{A031D751-5F61-48DD-AB63-C3E0FE2DB3D7}"
EndProject
Project("{FAE04EC0-301F-11D3-BF4B-00C04F79EFBC}") = "PMS.Extension", "PMS.Extension\PMS.Extension.csproj", "{A45A4935-0EF7-4CCA-91B7-16FD3DD7EE18}"
EndProject
Project("{FAE04EC0-301F-11D3-BF4B-00C04F79EFBC}") = "PMS.Global", "PMS.Global\PMS.Global.csproj", "{22B17D59-FDCA-4938-A0C1-A99B6D568544}"
EndProject
Project("{FAE04EC0-301F-11D3-BF4B-00C04F79EFBC}") = "PMS.Infrastructure", "PMS.Infrastructure\PMS.Infrastructure.csproj", "{758BDDEC-FBB5-48DE-8232-1D58DC7FA78A}"
EndProject
Project("{FAE04EC0-301F-11D3-BF4B-00C04F79EFBC}") = "PMS.Interface", "PMS.Interface\PMS.Interface.csproj", "{A487489F-D634-49EB-85D6-40D6D5ED4AFD}"
EndProject
Project("{FAE04EC0-301F-11D3-BF4B-00C04F79EFBC}") = "PMS.Service", "PMS.Service\PMS.Service.csproj", "{C894818F-7405-43D5-8E84-4E14D0657EDA}"
EndProject
Global
	GlobalSection(SolutionConfigurationPlatforms) = preSolution
		Debug|Any CPU = Debug|Any CPU
		Release|Any CPU = Release|Any CPU
	EndGlobalSection
	GlobalSection(ProjectConfigurationPlatforms) = postSolution
		{31026C63-DA72-4C8D-A126-0707330260E9}.Debug|Any CPU.ActiveCfg = Debug|Any CPU
		{31026C63-DA72-4C8D-A126-0707330260E9}.Debug|Any CPU.Build.0 = Debug|Any CPU
		{31026C63-DA72-4C8D-A126-0707330260E9}.Release|Any CPU.ActiveCfg = Release|Any CPU
		{31026C63-DA72-4C8D-A126-0707330260E9}.Release|Any CPU.Build.0 = Release|Any CPU
		{555B7521-3341-4A7B-BF25-B2DCDE38ABAB}.Debug|Any CPU.ActiveCfg = Debug|Any CPU
		{555B7521-3341-4A7B-BF25-B2DCDE38ABAB}.Debug|Any CPU.Build.0 = Debug|Any CPU
		{555B7521-3341-4A7B-BF25-B2DCDE38ABAB}.Release|Any CPU.ActiveCfg = Release|Any CPU
		{555B7521-3341-4A7B-BF25-B2DCDE38ABAB}.Release|Any CPU.Build.0 = Release|Any CPU
		{A031D751-5F61-48DD-AB63-C3E0FE2DB3D7}.Debug|Any CPU.ActiveCfg = Debug|Any CPU
		{A031D751-5F61-48DD-AB63-C3E0FE2DB3D7}.Debug|Any CPU.Build.0 = Debug|Any CPU
		{A031D751-5F61-48DD-AB63-C3E0FE2DB3D7}.Release|Any CPU.ActiveCfg = Release|Any CPU
		{A031D751-5F61-48DD-AB63-C3E0FE2DB3D7}.Release|Any CPU.Build.0 = Release|Any CPU
		{A45A4935-0EF7-4CCA-91B7-16FD3DD7EE18}.Debug|Any CPU.ActiveCfg = Debug|Any CPU
		{A45A4935-0EF7-4CCA-91B7-16FD3DD7EE18}.Debug|Any CPU.Build.0 = Debug|Any CPU
		{A45A4935-0EF7-4CCA-91B7-16FD3DD7EE18}.Release|Any CPU.ActiveCfg = Release|Any CPU
		{A45A4935-0EF7-4CCA-91B7-16FD3DD7EE18}.Release|Any CPU.Build.0 = Release|Any CPU
		{22B17D59-FDCA-4938-A0C1-A99B6D568544}.Debug|Any CPU.ActiveCfg = Debug|Any CPU
		{22B17D59-FDCA-4938-A0C1-A99B6D568544}.Debug|Any CPU.Build.0 = Debug|Any CPU
		{22B17D59-FDCA-4938-A0C1-A99B6D568544}.Release|Any CPU.ActiveCfg = Release|Any CPU
		{22B17D59-FDCA-4938-A0C1-A99B6D568544}.Release|Any CPU.Build.0 = Release|Any CPU
		{758BDDEC-FBB5-48DE-8232-1D58DC7FA78A}.Debug|Any CPU.ActiveCfg = Debug|Any CPU
		{758BDDEC-FBB5-48DE-8232-1D58DC7FA78A}.Debug|Any CPU.Build.0 = Debug|Any CPU
		{758BDDEC-FBB5-48DE-8232-1D58DC7FA78A}.Release|Any CPU.ActiveCfg = Release|Any CPU
		{758BDDEC-FBB5-48DE-8232-1D58DC7FA78A}.Release|Any CPU.Build.0 = Release|Any CPU
		{A487489F-D634-49EB-85D6-40D6D5ED4AFD}.Debug|Any CPU.ActiveCfg = Debug|Any CPU
		{A487489F-D634-49EB-85D6-40D6D5ED4AFD}.Debug|Any CPU.Build.0 = Debug|Any CPU
		{A487489F-D634-49EB-85D6-40D6D5ED4AFD}.Release|Any CPU.ActiveCfg = Release|Any CPU
		{A487489F-D634-49EB-85D6-40D6D5ED4AFD}.Release|Any CPU.Build.0 = Release|Any CPU
		{C894818F-7405-43D5-8E84-4E14D0657EDA}.Debug|Any CPU.ActiveCfg = Debug|Any CPU
		{C894818F-7405-43D5-8E84-4E14D0657EDA}.Debug|Any CPU.Build.0 = Debug|Any CPU
		{C894818F-7405-43D5-8E84-4E14D0657EDA}.Release|Any CPU.ActiveCfg = Release|Any CPU
		{C894818F-7405-43D5-8E84-4E14D0657EDA}.Release|Any CPU.Build.0 = Release|Any CPU
	EndGlobalSection
	GlobalSection(SolutionProperties) = preSolution
		HideSolutionNode = FALSE
	EndGlobalSection
	GlobalSection(NestedProjects) = preSolution
		{555B7521-3341-4A7B-BF25-B2DCDE38ABAB} = {3FDC5966-91C1-4865-98A6-FF1BFB84D152}
		{A031D751-5F61-48DD-AB63-C3E0FE2DB3D7} = {254D891E-31E7-48E9-B403-3EEECC2B30C9}
		{A45A4935-0EF7-4CCA-91B7-16FD3DD7EE18} = {6C18AD18-D3E6-4484-A077-719B249893A2}
		{22B17D59-FDCA-4938-A0C1-A99B6D568544} = {4897DCD0-AE02-4E6F-9B2E-06E08FCCA6B6}
		{758BDDEC-FBB5-48DE-8232-1D58DC7FA78A} = {0B6BD7A7-643D-4A99-936D-60636A2B04CF}
		{A487489F-D634-49EB-85D6-40D6D5ED4AFD} = {AA378831-64A8-43FF-9D3D-10B35D518125}
		{C894818F-7405-43D5-8E84-4E14D0657EDA} = {B02A2693-AD1E-4F87-91EE-79D0B900DF43}
	EndGlobalSection
	GlobalSection(ExtensibilityGlobals) = postSolution
		SolutionGuid = {F4F39C1F-6DE4-43B5-8859-B1B920ED9E66}
	EndGlobalSection
EndGlobal
